[io]
url = "https://github.com/WebAssembly/wasi-io/archive/v0.2.0-rc-2023-11-10.tar.gz"
sha256 = "f2e6127b235c37c06be675a904d6acf08db953ea688d78c42892c6ad3bd194e4"
sha512 = "32feefbc115c34bf6968cb6e9dc15e755698ee90648e5a5d84448917c36a318bd61b401195eb64330e2475e1d098bfb8dee1440d594a68e0797748762bd84ae5"

[keyvalue]
url = "https://github.com/WebAssembly/wasi-keyvalue/archive/main.tar.gz"
sha256 = "b698529846c954e7d5268cd8928cd2c151441ffb4a37eb3be86cb02a001892bb"
sha512 = "6290409bb2fc3fdd500103d9609516c50c2d9bba8d7fc4386d79ddd5dbf93d1caef5e5d86fb8bc0aa424a968741f62c4ec869ff3fe310cf7a0927441abd22330"
