[io]
sha256 = "f2e6127b235c37c06be675a904d6acf08db953ea688d78c42892c6ad3bd194e4"
sha512 = "32feefbc115c34bf6968cb6e9dc15e755698ee90648e5a5d84448917c36a318bd61b401195eb64330e2475e1d098bfb8dee1440d594a68e0797748762bd84ae5"

[keyvalue]
url = "https://github.com/WebAssembly/wasi-keyvalue/archive/3b7e098a43534204187b7e734738338cf8c0ecf7.tar.gz"
sha256 = "b9f920d85151a6dc36cd987b492cf497a5d2a781d0bd7c94f05a603d32277858"
sha512 = "db116140eb0b0ec8c9e632d1e6f964463afa52f4d9784c7771f45c159d0a85106e4d37d16f4c4fb25c0fae6700dd7332848ad7c016a760a73d1fbb4f37e347e1"
deps = ["io"]

[platform]
path = "../../wit/platform"
sha256 = "361d43aec7a4d3d8a895c8167bb2183754f7f0fa85e7c5c752016c9b20aab6a2"
sha512 = "ed799f32e78ef005be19cdb004224e5d1c844c9b9283ac439d8a4f45b061404895b6094008fbb0225b031e6f0107dec990226f7fbd08393b900f9ee95f623121"
