[platform]
path = "../../wit/platform"
sha256 = "056feb53b171377d05068921f9a4f78b84241d73cabbee22563b18dcb4a4aaff"
sha512 = "0d35fa36fd2c4015854da79e78c83f05f663a57a151044cd061c1711783334606f9591e6665570a45c4b457226c2ae272fa184a95a4e47582623d562b1ae2872"

[products]
path = "../../wit/products"
sha256 = "5b1d31ac2ca3a60b4cfb4776492c33a36687c180a7b8b01f6a7f0cbc31ac0d81"
sha512 = "779f1f0e5f834aadc87b5718dda66bd598eb53536cf72f76ea5fea0df87348622176fb7731819976b3911b0c80fd4661b3d575f1a3f357a35622a43d184804ee"
