# This file is automatically @generated by Cargo.
# It is not intended for manual editing.
version = 3

[[package]]
name = "ahash"
version = "0.8.11"
source = "registry+https://github.com/rust-lang/crates.io-index"
checksum = "e89da841a80418a9b391ebaea17f5c112ffaaa96f621d2c285b5174da76b9011"
dependencies = [
 "cfg-if",
 "once_cell",
 "version_check",
 "zerocopy",
]

[[package]]
name = "anyhow"
version = "1.0.89"
source = "registry+https://github.com/rust-lang/crates.io-index"
checksum = "86fdf8605db99b54d3cd748a44c6d04df638eb5dafb219b135d0149bd0db01f6"

[[package]]
name = "autocfg"
version = "1.3.0"
source = "registry+https://github.com/rust-lang/crates.io-index"
checksum = "0c4b4d0bd25bd0b74681c0ad21497610ce1b7c91b1022cd21c80c6fbdd9476b0"

[[package]]
name = "bitflags"
version = "2.6.0"
source = "registry+https://github.com/rust-lang/crates.io-index"
checksum = "b048fb63fd8b5923fc5aa7b340d8e156aec7ec02f0c78fa8a6ddc2613f6f71de"

[[package]]
name = "bytes"
version = "1.7.2"
source = "registry+https://github.com/rust-lang/crates.io-index"
checksum = "428d9aa8fbc0670b7b8d6030a7fadd0f86151cae55e4dbbece15f3780a3dfaf3"

[[package]]
name = "cfg-if"
version = "1.0.0"
source = "registry+https://github.com/rust-lang/crates.io-index"
checksum = "baf1de4339761588bc0619e3cbc0120ee582ebb74b53b4efbf79117bd2da40fd"

[[package]]
name = "data-init"
version = "0.1.0"
dependencies = [
 "serde",
 "serde_json",
 "uuid",
 "wit-bindgen 0.32.0",
]

[[package]]
name = "equivalent"
version = "1.0.1"
source = "registry+https://github.com/rust-lang/crates.io-index"
checksum = "5443807d6dff69373d433ab9ef5378ad8df50ca6298caf15de6e52e24aaf54d5"

[[package]]
name = "fnv"
version = "1.0.7"
source = "registry+https://github.com/rust-lang/crates.io-index"
checksum = "3f9eec918d3f24069decb9af1554cad7c880e2da24a9afd88aca000531ab82c1"

[[package]]
name = "form_urlencoded"
version = "1.2.1"
source = "registry+https://github.com/rust-lang/crates.io-index"
checksum = "e13624c2627564efccf4934284bdd98cbaa14e79b0b5a141218e507b3a823456"
dependencies = [
 "percent-encoding",
]

[[package]]
name = "getrandom"
version = "0.2.15"
source = "registry+https://github.com/rust-lang/crates.io-index"
checksum = "c4567c8db10ae91089c99af84c68c38da3ec2f087c3f82960bcdbf3656b6f4d7"
dependencies = [
 "cfg-if",
 "libc",
 "wasi",
]

[[package]]
name = "hashbrown"
version = "0.14.5"
source = "registry+https://github.com/rust-lang/crates.io-index"
checksum = "e5274423e17b7c9fc20b6e7e208532f9b19825d82dfd615708b70edd83df41f1"
dependencies = [
 "ahash",
]

[[package]]
name = "heck"
version = "0.5.0"
source = "registry+https://github.com/rust-lang/crates.io-index"
checksum = "2304e00983f87ffb38b55b444b5e3b60a884b5d30c0fca7d82fe33449bbe55ea"

[[package]]
name = "http"
version = "1.1.0"
source = "registry+https://github.com/rust-lang/crates.io-index"
checksum = "21b9ddb458710bc376481b842f5da65cdf31522de232c1ca8146abce2a358258"
dependencies = [
 "bytes",
 "fnv",
 "itoa",
]

[[package]]
name = "http-controller"
version = "0.1.0"
dependencies = [
 "anyhow",
 "form_urlencoded",
 "products-service",
 "routefinder",
 "serde",
 "uuid",
 "waki",
 "wit-bindgen 0.32.0",
]

[[package]]
name = "id-arena"
version = "2.2.1"
source = "registry+https://github.com/rust-lang/crates.io-index"
checksum = "25a2bc672d1148e28034f176e01fffebb08b35768468cc954630da77a1449005"

[[package]]
name = "idna"
version = "0.5.0"
source = "registry+https://github.com/rust-lang/crates.io-index"
checksum = "634d9b1461af396cad843f47fdba5597a4f9e6ddd4bfb6ff5d85028c25cb12f6"
dependencies = [
 "unicode-bidi",
 "unicode-normalization",
]

[[package]]
name = "indexmap"
version = "2.3.0"
source = "registry+https://github.com/rust-lang/crates.io-index"
checksum = "de3fc2e30ba82dd1b3911c8de1ffc143c74a914a14e99514d7637e3099df5ea0"
dependencies = [
 "equivalent",
 "hashbrown",
 "serde",
]

[[package]]
name = "indoc"
version = "2.0.5"
source = "registry+https://github.com/rust-lang/crates.io-index"
checksum = "b248f5224d1d606005e02c97f5aa4e88eeb230488bcc03bc9ca4d7991399f2b5"

[[package]]
name = "inventory-service"
version = "0.1.0"
dependencies = [
 "wit-bindgen 0.32.0",
]

[[package]]
name = "itoa"
version = "1.0.11"
source = "registry+https://github.com/rust-lang/crates.io-index"
checksum = "49f1f14873335454500d59611f1cf4a4b0f786f9ac11f4312a78e4cf2566695b"

[[package]]
name = "leb128"
version = "0.2.5"
source = "registry+https://github.com/rust-lang/crates.io-index"
checksum = "884e2677b40cc8c339eaefcb701c32ef1fd2493d71118dc0ca4b6a736c93bd67"

[[package]]
name = "libc"
version = "0.2.155"
source = "registry+https://github.com/rust-lang/crates.io-index"
checksum = "97b3888a4aecf77e811145cadf6eef5901f4782c53886191b2f693f24761847c"

[[package]]
name = "log"
version = "0.4.22"
source = "registry+https://github.com/rust-lang/crates.io-index"
checksum = "a7a70ba024b9dc04c27ea2f0c0548feb474ec5c54bba33a7f72f873a39d07b24"

[[package]]
name = "memchr"
version = "2.7.4"
source = "registry+https://github.com/rust-lang/crates.io-index"
checksum = "78ca9ab1a0babb1e7d5695e3530886289c18cf2f87ec19a575a0abdce112e3a3"

[[package]]
name = "notification-service"
version = "0.1.0"
dependencies = [
 "serde",
 "serde_json",
 "wit-bindgen 0.32.0",
]

[[package]]
name = "once_cell"
version = "1.19.0"
source = "registry+https://github.com/rust-lang/crates.io-index"
checksum = "3fdb12b2476b595f9358c5161aa467c2438859caa136dec86c26fdd2efe17b92"

[[package]]
name = "orders-service"
version = "0.1.0"
dependencies = [
 "indoc",
 "notification-service",
 "serde",
 "serde_json",
 "uuid",
 "wit-bindgen 0.32.0",
]

[[package]]
name = "percent-encoding"
version = "2.3.1"
source = "registry+https://github.com/rust-lang/crates.io-index"
checksum = "e3148f5046208a5d56bcfc03053e3ca6334e51da8dfb19b6cdc8b306fae3283e"

[[package]]
name = "prettyplease"
version = "0.2.20"
source = "registry+https://github.com/rust-lang/crates.io-index"
checksum = "5f12335488a2f3b0a83b14edad48dca9879ce89b2edd10e80237e4e852dd645e"
dependencies = [
 "proc-macro2",
 "syn",
]

[[package]]
name = "proc-macro2"
version = "1.0.86"
source = "registry+https://github.com/rust-lang/crates.io-index"
checksum = "5e719e8df665df0d1c8fbfd238015744736151d4445ec0836b8e628aae103b77"
dependencies = [
 "unicode-ident",
]

[[package]]
name = "products-service"
version = "0.1.0"
dependencies = [
 "anyhow",
 "log",
 "serde",
 "serde_json",
 "uuid",
 "wit-bindgen 0.32.0",
]

[[package]]
name = "quote"
version = "1.0.36"
source = "registry+https://github.com/rust-lang/crates.io-index"
checksum = "0fa76aaf39101c457836aec0ce2316dbdc3ab723cdda1c6bd4e6ad4208acaca7"
dependencies = [
 "proc-macro2",
]

[[package]]
name = "routefinder"
version = "0.5.4"
source = "registry+https://github.com/rust-lang/crates.io-index"
checksum = "0971d3c8943a6267d6bd0d782fdc4afa7593e7381a92a3df950ff58897e066b5"
dependencies = [
 "smartcow",
 "smartstring",
]

[[package]]
name = "ryu"
version = "1.0.18"
source = "registry+https://github.com/rust-lang/crates.io-index"
checksum = "f3cb5ba0dc43242ce17de99c180e96db90b235b8a9fdc9543c96d2209116bd9f"

[[package]]
name = "semver"
version = "1.0.23"
source = "registry+https://github.com/rust-lang/crates.io-index"
checksum = "61697e0a1c7e512e84a621326239844a24d8207b4669b41bc18b32ea5cbf988b"

[[package]]
name = "serde"
version = "1.0.205"
source = "registry+https://github.com/rust-lang/crates.io-index"
checksum = "e33aedb1a7135da52b7c21791455563facbbcc43d0f0f66165b42c21b3dfb150"
dependencies = [
 "serde_derive",
]

[[package]]
name = "serde_derive"
version = "1.0.205"
source = "registry+https://github.com/rust-lang/crates.io-index"
checksum = "692d6f5ac90220161d6774db30c662202721e64aed9058d2c394f451261420c1"
dependencies = [
 "proc-macro2",
 "quote",
 "syn",
]

[[package]]
name = "serde_json"
version = "1.0.122"
source = "registry+https://github.com/rust-lang/crates.io-index"
checksum = "784b6203951c57ff748476b126ccb5e8e2959a5c19e5c617ab1956be3dbc68da"
dependencies = [
 "itoa",
 "memchr",
 "ryu",
 "serde",
]

[[package]]
name = "serde_urlencoded"
version = "0.7.1"
source = "registry+https://github.com/rust-lang/crates.io-index"
checksum = "d3491c14715ca2294c4d6a88f15e84739788c1d030eed8c110436aafdaa2f3fd"
dependencies = [
 "form_urlencoded",
 "itoa",
 "ryu",
 "serde",
]

[[package]]
name = "smallvec"
version = "1.13.2"
source = "registry+https://github.com/rust-lang/crates.io-index"
checksum = "3c5e1a9a646d36c3599cd173a41282daf47c44583ad367b8e6837255952e5c67"

[[package]]
name = "smartcow"
version = "0.2.1"
source = "registry+https://github.com/rust-lang/crates.io-index"
checksum = "656fcb1c1fca8c4655372134ce87d8afdf5ec5949ebabe8d314be0141d8b5da2"
dependencies = [
 "smartstring",
]

[[package]]
name = "smartstring"
version = "1.0.1"
source = "registry+https://github.com/rust-lang/crates.io-index"
checksum = "3fb72c633efbaa2dd666986505016c32c3044395ceaf881518399d2f4127ee29"
dependencies = [
 "autocfg",
 "static_assertions",
 "version_check",
]

[[package]]
name = "spdx"
version = "0.10.6"
source = "registry+https://github.com/rust-lang/crates.io-index"
checksum = "47317bbaf63785b53861e1ae2d11b80d6b624211d42cb20efcd210ee6f8a14bc"
dependencies = [
 "smallvec",
]

[[package]]
name = "static_assertions"
version = "1.1.0"
source = "registry+https://github.com/rust-lang/crates.io-index"
checksum = "a2eb9349b6444b326872e140eb1cf5e7c522154d69e7a0ffb0fb81c06b37543f"

[[package]]
name = "syn"
version = "2.0.72"
source = "registry+https://github.com/rust-lang/crates.io-index"
checksum = "dc4b9b9bf2add8093d3f2c0204471e951b2285580335de42f9d2534f3ae7a8af"
dependencies = [
 "proc-macro2",
 "quote",
 "unicode-ident",
]

[[package]]
name = "tinyvec"
version = "1.8.0"
source = "registry+https://github.com/rust-lang/crates.io-index"
checksum = "445e881f4f6d382d5f27c034e25eb92edd7c784ceab92a0937db7f2e9471b938"
dependencies = [
 "tinyvec_macros",
]

[[package]]
name = "tinyvec_macros"
version = "0.1.1"
source = "registry+https://github.com/rust-lang/crates.io-index"
checksum = "1f3ccbac311fea05f86f61904b462b55fb3df8837a366dfc601a0161d0532f20"

[[package]]
name = "unicode-bidi"
version = "0.3.15"
source = "registry+https://github.com/rust-lang/crates.io-index"
checksum = "08f95100a766bf4f8f28f90d77e0a5461bbdb219042e7679bebe79004fed8d75"

[[package]]
name = "unicode-ident"
version = "1.0.12"
source = "registry+https://github.com/rust-lang/crates.io-index"
checksum = "3354b9ac3fae1ff6755cb6db53683adb661634f67557942dea4facebec0fee4b"

[[package]]
name = "unicode-normalization"
version = "0.1.24"
source = "registry+https://github.com/rust-lang/crates.io-index"
checksum = "5033c97c4262335cded6d6fc3e5c18ab755e1a3dc96376350f3d8e9f009ad956"
dependencies = [
 "tinyvec",
]

[[package]]
name = "unicode-xid"
version = "0.2.4"
source = "registry+https://github.com/rust-lang/crates.io-index"
checksum = "f962df74c8c05a667b5ee8bcf162993134c104e96440b663c8daa176dc772d8c"

[[package]]
name = "url"
version = "2.5.2"
source = "registry+https://github.com/rust-lang/crates.io-index"
checksum = "22784dbdf76fdde8af1aeda5622b546b422b6fc585325248a2bf9f5e41e94d6c"
dependencies = [
 "form_urlencoded",
 "idna",
 "percent-encoding",
]

[[package]]
name = "uuid"
version = "1.10.0"
source = "registry+https://github.com/rust-lang/crates.io-index"
checksum = "81dfa00651efa65069b0b6b651f4aaa31ba9e3c3ce0137aaad053604ee7e0314"
dependencies = [
 "getrandom",
 "serde",
]

[[package]]
name = "version_check"
version = "0.9.5"
source = "registry+https://github.com/rust-lang/crates.io-index"
checksum = "0b928f33d975fc6ad9f86c8f283853ad26bdd5b10b7f1542aa2fa15e2289105a"

[[package]]
name = "waki"
version = "0.3.1"
source = "registry+https://github.com/rust-lang/crates.io-index"
checksum = "1e5d9eefb5eb33c9614ac97a839d573379b6c9e28996b378eaad2844254b19c2"
dependencies = [
 "anyhow",
 "http",
 "serde",
 "serde_json",
 "serde_urlencoded",
 "url",
 "waki-macros",
 "wit-bindgen 0.26.0",
]

[[package]]
name = "waki-macros"
version = "0.3.1"
source = "registry+https://github.com/rust-lang/crates.io-index"
checksum = "96439020e5a5ce7f79ba111109e564d493ecf223bf1d5a381a70c7793bf0f0da"
dependencies = [
 "proc-macro2",
 "quote",
 "syn",
]

[[package]]
name = "wasi"
version = "0.11.0+wasi-snapshot-preview1"
source = "registry+https://github.com/rust-lang/crates.io-index"
checksum = "9c8d87e72b64a3b4db28d11ce29237c246188f4f51057d65a7eab63b7987e423"

[[package]]
name = "wasm-encoder"
version = "0.209.1"
source = "registry+https://github.com/rust-lang/crates.io-index"
checksum = "7b4a05336882dae732ce6bd48b7e11fe597293cb72c13da4f35d7d5f8d53b2a7"
dependencies = [
 "leb128",
]

[[package]]
name = "wasm-encoder"
version = "0.217.0"
source = "registry+https://github.com/rust-lang/crates.io-index"
checksum = "7b88b0814c9a2b323a9b46c687e726996c255ac8b64aa237dd11c81ed4854760"
dependencies = [
 "leb128",
 "wasmparser 0.217.0",
]

[[package]]
name = "wasm-metadata"
version = "0.209.1"
source = "registry+https://github.com/rust-lang/crates.io-index"
checksum = "4d32029ce424f6d3c2b39b4419fb45a0e2d84fb0751e0c0a32b7ce8bd5d97f46"
dependencies = [
 "anyhow",
 "indexmap",
 "serde",
 "serde_derive",
 "serde_json",
 "spdx",
 "wasm-encoder 0.209.1",
 "wasmparser 0.209.1",
]

[[package]]
name = "wasm-metadata"
version = "0.217.0"
source = "registry+https://github.com/rust-lang/crates.io-index"
checksum = "65a146bf9a60e9264f0548a2599aa9656dba9a641eff9ab88299dc2a637e483c"
dependencies = [
 "anyhow",
 "indexmap",
 "serde",
 "serde_derive",
 "serde_json",
 "spdx",
 "wasm-encoder 0.217.0",
 "wasmparser 0.217.0",
]

[[package]]
name = "wasmparser"
version = "0.209.1"
source = "registry+https://github.com/rust-lang/crates.io-index"
checksum = "07035cc9a9b41e62d3bb3a3815a66ab87c993c06fe1cf6b2a3f2a18499d937db"
dependencies = [
 "ahash",
 "bitflags",
 "hashbrown",
 "indexmap",
 "semver",
]

[[package]]
name = "wasmparser"
version = "0.217.0"
source = "registry+https://github.com/rust-lang/crates.io-index"
checksum = "ca917a21307d3adf2b9857b94dd05ebf8496bdcff4437a9b9fb3899d3e6c74e7"
dependencies = [
 "ahash",
 "bitflags",
 "hashbrown",
 "indexmap",
 "semver",
]

[[package]]
name = "wit-bindgen"
version = "0.26.0"
source = "registry+https://github.com/rust-lang/crates.io-index"
checksum = "a84376ff4f74ed07674a1157c0bd19e6627ab01fc90952a27ccefb52a24530f0"
dependencies = [
 "wit-bindgen-rt 0.26.0",
 "wit-bindgen-rust-macro 0.26.0",
]

[[package]]
name = "wit-bindgen"
version = "0.32.0"
source = "registry+https://github.com/rust-lang/crates.io-index"
checksum = "0eb9327b2afd6af02ab39f8fbde6bfc7d369d14bc8c8688311d3defcda3952bd"
dependencies = [
 "wit-bindgen-rt 0.32.0",
 "wit-bindgen-rust-macro 0.32.0",
]

[[package]]
name = "wit-bindgen-core"
version = "0.26.0"
source = "registry+https://github.com/rust-lang/crates.io-index"
checksum = "36d4706efb67fadfbbde77955b299b111dd096e6776d8c6561d92f6147941880"
dependencies = [
 "anyhow",
 "heck",
 "wit-parser 0.209.1",
]

[[package]]
name = "wit-bindgen-core"
version = "0.32.0"
source = "registry+https://github.com/rust-lang/crates.io-index"
checksum = "fc9cfd3f1b4e29e9a90fe04157764f24ae396cfb8530dae5753de140e73f9e56"
dependencies = [
 "anyhow",
 "heck",
 "wit-parser 0.217.0",
]

[[package]]
name = "wit-bindgen-rt"
version = "0.26.0"
source = "registry+https://github.com/rust-lang/crates.io-index"
checksum = "29c7526379ace8709ee9ab9f2bb50f112d95581063a59ef3097d9c10153886c9"
dependencies = [
 "bitflags",
]

[[package]]
name = "wit-bindgen-rt"
version = "0.32.0"
source = "registry+https://github.com/rust-lang/crates.io-index"
checksum = "5ca6f307148acf7199e492fd3781cc7b79f8f3eda003c0ac3aa8079449601ccb"
dependencies = [
 "bitflags",
]

[[package]]
name = "wit-bindgen-rust"
version = "0.26.0"
source = "registry+https://github.com/rust-lang/crates.io-index"
checksum = "514295193d1a2f42e6a948cd7d9fd81e2b8fadc319667dcf19fd7aceaf2113a2"
dependencies = [
 "anyhow",
 "heck",
 "indexmap",
 "wasm-metadata 0.209.1",
 "wit-bindgen-core 0.26.0",
 "wit-component 0.209.1",
]

[[package]]
name = "wit-bindgen-rust"
version = "0.32.0"
source = "registry+https://github.com/rust-lang/crates.io-index"
checksum = "cf075ae0c89dc391f7d710d70c69bfd018c029c74a54f7ddfd0266dccc8ff0c5"
dependencies = [
 "anyhow",
 "heck",
 "indexmap",
 "prettyplease",
 "syn",
 "wasm-metadata 0.217.0",
 "wit-bindgen-core 0.32.0",
 "wit-component 0.217.0",
]

[[package]]
name = "wit-bindgen-rust-macro"
version = "0.26.0"
source = "registry+https://github.com/rust-lang/crates.io-index"
checksum = "f0409a3356ca02599aff78f717968fd7f12df4bf879f325e2a97b45c84c90fff"
dependencies = [
 "anyhow",
 "proc-macro2",
 "quote",
 "syn",
 "wit-bindgen-core 0.26.0",
 "wit-bindgen-rust 0.26.0",
]

[[package]]
name = "wit-bindgen-rust-macro"
version = "0.32.0"
source = "registry+https://github.com/rust-lang/crates.io-index"
checksum = "a2ab28d36e4d326bd43d483512348874d4fffa378d8dc1da6dd6521afe2ec4f6"
dependencies = [
 "anyhow",
 "prettyplease",
 "proc-macro2",
 "quote",
 "syn",
 "wit-bindgen-core 0.32.0",
 "wit-bindgen-rust 0.32.0",
]

[[package]]
name = "wit-component"
version = "0.209.1"
source = "registry+https://github.com/rust-lang/crates.io-index"
checksum = "25a2bb5b039f9cb03425e1d5a6e54b441ca4ca1b1d4fa6a0924db67a55168f99"
dependencies = [
 "anyhow",
 "bitflags",
 "indexmap",
 "log",
 "serde",
 "serde_derive",
 "serde_json",
 "wasm-encoder 0.209.1",
 "wasm-metadata 0.209.1",
 "wasmparser 0.209.1",
 "wit-parser 0.209.1",
]

[[package]]
name = "wit-component"
version = "0.217.0"
source = "registry+https://github.com/rust-lang/crates.io-index"
checksum = "d7117809905e49db716d81e794f79590c052bf2fdbbcda1731ca0fb28f6f3ddf"
dependencies = [
 "anyhow",
 "bitflags",
 "indexmap",
 "log",
 "serde",
 "serde_derive",
 "serde_json",
 "wasm-encoder 0.217.0",
 "wasm-metadata 0.217.0",
 "wasmparser 0.217.0",
 "wit-parser 0.217.0",
]

[[package]]
name = "wit-parser"
version = "0.209.1"
source = "registry+https://github.com/rust-lang/crates.io-index"
checksum = "3e79b9e3c0b6bb589dec46317e645851e0db2734c44e2be5e251b03ff4a51269"
dependencies = [
 "anyhow",
 "id-arena",
 "indexmap",
 "log",
 "semver",
 "serde",
 "serde_derive",
 "serde_json",
 "unicode-xid",
 "wasmparser 0.209.1",
]

[[package]]
name = "wit-parser"
version = "0.217.0"
source = "registry+https://github.com/rust-lang/crates.io-index"
checksum = "fb893dcd6d370cfdf19a0d9adfcd403efb8e544e1a0ea3a8b81a21fe392eaa78"
dependencies = [
 "anyhow",
 "id-arena",
 "indexmap",
 "log",
 "semver",
 "serde",
 "serde_derive",
 "serde_json",
 "unicode-xid",
 "wasmparser 0.217.0",
]

[[package]]
name = "zerocopy"
version = "0.7.35"
source = "registry+https://github.com/rust-lang/crates.io-index"
checksum = "1b9b4fd18abc82b8136838da5d50bae7bdea537c574d8dc1a34ed098d6c166f0"
dependencies = [
 "zerocopy-derive",
]

[[package]]
name = "zerocopy-derive"
version = "0.7.35"
source = "registry+https://github.com/rust-lang/crates.io-index"
checksum = "fa4f8080344d4671fb4e831a13ad1e68092748387dfc4f55e356242fae12ce3e"
dependencies = [
 "proc-macro2",
 "quote",
 "syn",
]
