[inventory]
path = "../../wit/inventory"
sha256 = "ca64fa7b0888146863adb6de08441646ea6fedec65d213cb06e4a8c5340ae238"
sha512 = "2d770b1a5257a5e5b8cd1399b2b2bdac7f683bd3383a7c294c82c54533f95a0b0517a4017349d7221faff3ad82013cb4b29830a97b1f4c3b3b9b93d261e80fd2"

[platform]
path = "../../wit/platform"
sha256 = "361d43aec7a4d3d8a895c8167bb2183754f7f0fa85e7c5c752016c9b20aab6a2"
sha512 = "ed799f32e78ef005be19cdb004224e5d1c844c9b9283ac439d8a4f45b061404895b6094008fbb0225b031e6f0107dec990226f7fbd08393b900f9ee95f623121"
