[inventory]
path = "../../wit/inventory"
sha256 = "ca64fa7b0888146863adb6de08441646ea6fedec65d213cb06e4a8c5340ae238"
sha512 = "2d770b1a5257a5e5b8cd1399b2b2bdac7f683bd3383a7c294c82c54533f95a0b0517a4017349d7221faff3ad82013cb4b29830a97b1f4c3b3b9b93d261e80fd2"

[platform]
path = "../../wit/platform"
sha256 = "056feb53b171377d05068921f9a4f78b84241d73cabbee22563b18dcb4a4aaff"
sha512 = "0d35fa36fd2c4015854da79e78c83f05f663a57a151044cd061c1711783334606f9591e6665570a45c4b457226c2ae272fa184a95a4e47582623d562b1ae2872"
